
Microsoft Visual Studio Solution File, Format Version 12.00
Project("{FAE04EC0-301F-11D3-BF4B-00C04F79EFBC}") = "helloworld-csharp", "helloworld-csharp\helloworld-csharp.csproj", "{D5C0F682-C730-4E6C-A383-E014AA51728C}"
EndProject
Global
	GlobalSection(SolutionConfigurationPlatforms) = preSolution
		Debug|Any CPU = Debug|Any CPU
		Release|Any CPU = Release|Any CPU
	EndGlobalSection
	GlobalSection(ProjectConfigurationPlatforms) = postSolution
		{D5C0F682-C730-4E6C-A383-E014AA51728C}.Debug|Any CPU.ActiveCfg = Debug|Any CPU
		{D5C0F682-C730-4E6C-A383-E014AA51728C}.Debug|Any CPU.Build.0 = Debug|Any CPU
		{D5C0F682-C730-4E6C-A383-E014AA51728C}.Release|Any CPU.ActiveCfg = Release|Any CPU
		{D5C0F682-C730-4E6C-A383-E014AA51728C}.Release|Any CPU.Build.0 = Release|Any CPU
	EndGlobalSection
EndGlobal
